
Microsoft Visual Studio Solution File, Format Version 12.00
# Visual Studio Version 17
VisualStudioVersion = 17.2.32526.322
MinimumVisualStudioVersion = 10.0.40219.1
Project("{9A19103F-16F7-4668-BE54-9A1E7A4F7556}") = "DotNetCraft.DevTools.Abstraction", "src\DotNetCraft.DevTools.Abstraction\DotNetCraft.DevTools.Abstraction.csproj", "{3CA78219-09F2-42CD-A0FF-05C13D00B586}"
EndProject
Project("{9A19103F-16F7-4668-BE54-9A1E7A4F7556}") = "DotNetCraft.DevTools.Repositories.Abstraction", "src\DotNetCraft.DevTools.Repositories.Abstraction\DotNetCraft.DevTools.Repositories.Abstraction.csproj", "{D1DDE05A-27B3-414C-B7FE-308C1149E37E}"
EndProject
Project("{9A19103F-16F7-4668-BE54-9A1E7A4F7556}") = "DotNetCraft.DevTools.Repositories.Sql", "src\DotNetCraft.DevTools.Repositories.Sql\DotNetCraft.DevTools.Repositories.Sql.csproj", "{69B0C6D4-4033-4B48-81E8-A67E0E135845}"
EndProject
Project("{9A19103F-16F7-4668-BE54-9A1E7A4F7556}") = "DotNetCraft.DevTools.Repositories.Tests", "tests\DotNetCraft.DevTools.Repositories.Tests\DotNetCraft.DevTools.Repositories.Tests.csproj", "{B133580C-EBD7-41FF-AE53-A4BBED806D1A}"
EndProject
Project("{9A19103F-16F7-4668-BE54-9A1E7A4F7556}") = "DotNetCraft.DevTools.Repositories.SQL.Tests", "tests\DotNetCraft.DevTools.Repositories.SQL.Tests\DotNetCraft.DevTools.Repositories.SQL.Tests.csproj", "{245F4ECB-A734-48E8-8E83-1666F604E155}"
EndProject
Global
	GlobalSection(SolutionConfigurationPlatforms) = preSolution
		Debug|Any CPU = Debug|Any CPU
		Release|Any CPU = Release|Any CPU
	EndGlobalSection
	GlobalSection(ProjectConfigurationPlatforms) = postSolution
		{3CA78219-09F2-42CD-A0FF-05C13D00B586}.Debug|Any CPU.ActiveCfg = Debug|Any CPU
		{3CA78219-09F2-42CD-A0FF-05C13D00B586}.Debug|Any CPU.Build.0 = Debug|Any CPU
		{3CA78219-09F2-42CD-A0FF-05C13D00B586}.Release|Any CPU.ActiveCfg = Release|Any CPU
		{3CA78219-09F2-42CD-A0FF-05C13D00B586}.Release|Any CPU.Build.0 = Release|Any CPU
		{D1DDE05A-27B3-414C-B7FE-308C1149E37E}.Debug|Any CPU.ActiveCfg = Debug|Any CPU
		{D1DDE05A-27B3-414C-B7FE-308C1149E37E}.Debug|Any CPU.Build.0 = Debug|Any CPU
		{D1DDE05A-27B3-414C-B7FE-308C1149E37E}.Release|Any CPU.ActiveCfg = Release|Any CPU
		{D1DDE05A-27B3-414C-B7FE-308C1149E37E}.Release|Any CPU.Build.0 = Release|Any CPU
		{69B0C6D4-4033-4B48-81E8-A67E0E135845}.Debug|Any CPU.ActiveCfg = Debug|Any CPU
		{69B0C6D4-4033-4B48-81E8-A67E0E135845}.Debug|Any CPU.Build.0 = Debug|Any CPU
		{69B0C6D4-4033-4B48-81E8-A67E0E135845}.Release|Any CPU.ActiveCfg = Release|Any CPU
		{69B0C6D4-4033-4B48-81E8-A67E0E135845}.Release|Any CPU.Build.0 = Release|Any CPU
		{B133580C-EBD7-41FF-AE53-A4BBED806D1A}.Debug|Any CPU.ActiveCfg = Debug|Any CPU
		{B133580C-EBD7-41FF-AE53-A4BBED806D1A}.Debug|Any CPU.Build.0 = Debug|Any CPU
		{B133580C-EBD7-41FF-AE53-A4BBED806D1A}.Release|Any CPU.ActiveCfg = Release|Any CPU
		{B133580C-EBD7-41FF-AE53-A4BBED806D1A}.Release|Any CPU.Build.0 = Release|Any CPU
		{245F4ECB-A734-48E8-8E83-1666F604E155}.Debug|Any CPU.ActiveCfg = Debug|Any CPU
		{245F4ECB-A734-48E8-8E83-1666F604E155}.Debug|Any CPU.Build.0 = Debug|Any CPU
		{245F4ECB-A734-48E8-8E83-1666F604E155}.Release|Any CPU.ActiveCfg = Release|Any CPU
		{245F4ECB-A734-48E8-8E83-1666F604E155}.Release|Any CPU.Build.0 = Release|Any CPU
	EndGlobalSection
	GlobalSection(SolutionProperties) = preSolution
		HideSolutionNode = FALSE
	EndGlobalSection
	GlobalSection(ExtensibilityGlobals) = postSolution
		SolutionGuid = {987A32F6-0100-4C78-8733-8EF4AF73492E}
	EndGlobalSection
EndGlobal
